
Microsoft Visual Studio Solution File, Format Version 12.00
# Visual Studio Version 17
VisualStudioVersion = 17.9.34723.18
MinimumVisualStudioVersion = 10.0.40219.1
Project("{FAE04EC0-301F-11D3-BF4B-00C04F79EFBC}") = "webapp", "webapp.csproj", "{89FA320E-6A95-45B6-B43F-E796341FCA6E}"
EndProject
Global
	GlobalSection(SolutionConfigurationPlatforms) = preSolution
		Debug|Any CPU = Debug|Any CPU
		Release|Any CPU = Release|Any CPU
	EndGlobalSection
	GlobalSection(ProjectConfigurationPlatforms) = postSolution
		{89FA320E-6A95-45B6-B43F-E796341FCA6E}.Debug|Any CPU.ActiveCfg = Debug|Any CPU
		{89FA320E-6A95-45B6-B43F-E796341FCA6E}.Debug|Any CPU.Build.0 = Debug|Any CPU
		{89FA320E-6A95-45B6-B43F-E796341FCA6E}.Release|Any CPU.ActiveCfg = Release|Any CPU
		{89FA320E-6A95-45B6-B43F-E796341FCA6E}.Release|Any CPU.Build.0 = Release|Any CPU
	EndGlobalSection
	GlobalSection(SolutionProperties) = preSolution
		HideSolutionNode = FALSE
	EndGlobalSection
	GlobalSection(ExtensibilityGlobals) = postSolution
		SolutionGuid = {D4C14B8B-3A08-43B4-B832-9A09BF89C443}
	EndGlobalSection
EndGlobal
